
Microsoft Visual Studio Solution File, Format Version 12.00
# Visual Studio 2013
VisualStudioVersion = 12.0.31101.0
MinimumVisualStudioVersion = 10.0.40219.1
Project("{FAE04EC0-301F-11D3-BF4B-00C04F79EFBC}") = "JobBoard.Console", "JobBoardConsole\JobBoard.Console.csproj", "{A87F637A-DAF0-492C-A1AF-9D056DE1F3D9}"
EndProject
Project("{FAE04EC0-301F-11D3-BF4B-00C04F79EFBC}") = "JobBoard.Models", "JobBoardModels\JobBoard.Models.csproj", "{8084CC41-0198-42C8-B0DB-9EC1DD1E5AB4}"
EndProject
Project("{FAE04EC0-301F-11D3-BF4B-00C04F79EFBC}") = "JobBoard.Parsers", "JobBoard.Parsers\JobBoard.Parsers.csproj", "{89975480-B55D-4391-BAF1-CCFEF71CF2B3}"
EndProject
Project("{2150E333-8FDC-42A3-9474-1A3956D46DE8}") = ".nuget", ".nuget", "{6ADB1516-5963-4D25-9695-A28F1B702791}"
	ProjectSection(SolutionItems) = preProject
		.nuget\NuGet.Config = .nuget\NuGet.Config
		.nuget\NuGet.exe = .nuget\NuGet.exe
		.nuget\NuGet.targets = .nuget\NuGet.targets
	EndProjectSection
EndProject
Project("{FAE04EC0-301F-11D3-BF4B-00C04F79EFBC}") = "SearchTool", "SearchTool\SearchTool.csproj", "{DB9D819C-391C-4FC5-B565-E787B5D4AABD}"
EndProject
Global
	GlobalSection(SolutionConfigurationPlatforms) = preSolution
		Debug|Any CPU = Debug|Any CPU
		Release|Any CPU = Release|Any CPU
	EndGlobalSection
	GlobalSection(ProjectConfigurationPlatforms) = postSolution
		{A87F637A-DAF0-492C-A1AF-9D056DE1F3D9}.Debug|Any CPU.ActiveCfg = Debug|Any CPU
		{A87F637A-DAF0-492C-A1AF-9D056DE1F3D9}.Debug|Any CPU.Build.0 = Debug|Any CPU
		{A87F637A-DAF0-492C-A1AF-9D056DE1F3D9}.Release|Any CPU.ActiveCfg = Release|Any CPU
		{A87F637A-DAF0-492C-A1AF-9D056DE1F3D9}.Release|Any CPU.Build.0 = Release|Any CPU
		{8084CC41-0198-42C8-B0DB-9EC1DD1E5AB4}.Debug|Any CPU.ActiveCfg = Debug|Any CPU
		{8084CC41-0198-42C8-B0DB-9EC1DD1E5AB4}.Debug|Any CPU.Build.0 = Debug|Any CPU
		{8084CC41-0198-42C8-B0DB-9EC1DD1E5AB4}.Release|Any CPU.ActiveCfg = Release|Any CPU
		{8084CC41-0198-42C8-B0DB-9EC1DD1E5AB4}.Release|Any CPU.Build.0 = Release|Any CPU
		{89975480-B55D-4391-BAF1-CCFEF71CF2B3}.Debug|Any CPU.ActiveCfg = Debug|Any CPU
		{89975480-B55D-4391-BAF1-CCFEF71CF2B3}.Debug|Any CPU.Build.0 = Debug|Any CPU
		{89975480-B55D-4391-BAF1-CCFEF71CF2B3}.Release|Any CPU.ActiveCfg = Release|Any CPU
		{89975480-B55D-4391-BAF1-CCFEF71CF2B3}.Release|Any CPU.Build.0 = Release|Any CPU
		{DB9D819C-391C-4FC5-B565-E787B5D4AABD}.Debug|Any CPU.ActiveCfg = Debug|Any CPU
		{DB9D819C-391C-4FC5-B565-E787B5D4AABD}.Debug|Any CPU.Build.0 = Debug|Any CPU
		{DB9D819C-391C-4FC5-B565-E787B5D4AABD}.Release|Any CPU.ActiveCfg = Release|Any CPU
		{DB9D819C-391C-4FC5-B565-E787B5D4AABD}.Release|Any CPU.Build.0 = Release|Any CPU
	EndGlobalSection
	GlobalSection(SolutionProperties) = preSolution
		HideSolutionNode = FALSE
	EndGlobalSection
EndGlobal
